
Microsoft Visual Studio Solution File, Format Version 12.00
# Visual Studio 15
VisualStudioVersion = 15.0.28010.2003
MinimumVisualStudioVersion = 10.0.40219.1
Project("{FAE04EC0-301F-11D3-BF4B-00C04F79EFBC}") = "QEQ", "QEQ\QEQ.csproj", "{B1CA1735-A1C9-4876-A7B9-51481CBC4259}"
EndProject
Global
	GlobalSection(SolutionConfigurationPlatforms) = preSolution
		Debug|Any CPU = Debug|Any CPU
		Release|Any CPU = Release|Any CPU
	EndGlobalSection
	GlobalSection(ProjectConfigurationPlatforms) = postSolution
		{B1CA1735-A1C9-4876-A7B9-51481CBC4259}.Debug|Any CPU.ActiveCfg = Debug|Any CPU
		{B1CA1735-A1C9-4876-A7B9-51481CBC4259}.Debug|Any CPU.Build.0 = Debug|Any CPU
		{B1CA1735-A1C9-4876-A7B9-51481CBC4259}.Release|Any CPU.ActiveCfg = Release|Any CPU
		{B1CA1735-A1C9-4876-A7B9-51481CBC4259}.Release|Any CPU.Build.0 = Release|Any CPU
	EndGlobalSection
	GlobalSection(SolutionProperties) = preSolution
		HideSolutionNode = FALSE
	EndGlobalSection
	GlobalSection(ExtensibilityGlobals) = postSolution
		SolutionGuid = {02595DD9-3233-4293-A9DB-7920D6DDB74A}
	EndGlobalSection
EndGlobal
